
Microsoft Visual Studio Solution File, Format Version 12.00
# Visual Studio Version 17
VisualStudioVersion = 17.7.34024.191
MinimumVisualStudioVersion = 10.0.40219.1
Project("{9A19103F-16F7-4668-BE54-9A1E7A4F7556}") = "WpfPredictScore", "WpfPredictScore.csproj", "{45C3C140-71A4-414F-89B5-7891766DE4D1}"
EndProject
Project("{2150E333-8FDC-42A3-9474-1A3956D46DE8}") = "ChatSolu", "ChatSolu", "{9BCC0857-F062-46AF-B370-94151108356A}"
EndProject
Project("{9A19103F-16F7-4668-BE54-9A1E7A4F7556}") = "CounsellingChatClient", "..\ChatClient\CounsellingChatClient.csproj", "{C94DA996-26F5-4B0B-B736-787C83CBA1E8}"
EndProject
Project("{9A19103F-16F7-4668-BE54-9A1E7A4F7556}") = "CounsellingChatLib", "..\ChatLib\CounsellingChatLib.csproj", "{310F9529-8998-446E-830F-FC4F299B3BF9}"
EndProject
Project("{9A19103F-16F7-4668-BE54-9A1E7A4F7556}") = "CounsellingChatServer", "..\ChatServer\CounsellingChatServer.csproj", "{05697082-A579-491F-AFF6-77796F6C41C6}"
EndProject
Global
	GlobalSection(SolutionConfigurationPlatforms) = preSolution
		Debug|Any CPU = Debug|Any CPU
		Release|Any CPU = Release|Any CPU
	EndGlobalSection
	GlobalSection(ProjectConfigurationPlatforms) = postSolution
		{45C3C140-71A4-414F-89B5-7891766DE4D1}.Debug|Any CPU.ActiveCfg = Debug|Any CPU
		{45C3C140-71A4-414F-89B5-7891766DE4D1}.Debug|Any CPU.Build.0 = Debug|Any CPU
		{45C3C140-71A4-414F-89B5-7891766DE4D1}.Release|Any CPU.ActiveCfg = Release|Any CPU
		{45C3C140-71A4-414F-89B5-7891766DE4D1}.Release|Any CPU.Build.0 = Release|Any CPU
		{C94DA996-26F5-4B0B-B736-787C83CBA1E8}.Debug|Any CPU.ActiveCfg = Debug|Any CPU
		{C94DA996-26F5-4B0B-B736-787C83CBA1E8}.Debug|Any CPU.Build.0 = Debug|Any CPU
		{C94DA996-26F5-4B0B-B736-787C83CBA1E8}.Release|Any CPU.ActiveCfg = Release|Any CPU
		{C94DA996-26F5-4B0B-B736-787C83CBA1E8}.Release|Any CPU.Build.0 = Release|Any CPU
		{310F9529-8998-446E-830F-FC4F299B3BF9}.Debug|Any CPU.ActiveCfg = Debug|Any CPU
		{310F9529-8998-446E-830F-FC4F299B3BF9}.Debug|Any CPU.Build.0 = Debug|Any CPU
		{310F9529-8998-446E-830F-FC4F299B3BF9}.Release|Any CPU.ActiveCfg = Release|Any CPU
		{310F9529-8998-446E-830F-FC4F299B3BF9}.Release|Any CPU.Build.0 = Release|Any CPU
		{05697082-A579-491F-AFF6-77796F6C41C6}.Debug|Any CPU.ActiveCfg = Debug|Any CPU
		{05697082-A579-491F-AFF6-77796F6C41C6}.Debug|Any CPU.Build.0 = Debug|Any CPU
		{05697082-A579-491F-AFF6-77796F6C41C6}.Release|Any CPU.ActiveCfg = Release|Any CPU
		{05697082-A579-491F-AFF6-77796F6C41C6}.Release|Any CPU.Build.0 = Release|Any CPU
	EndGlobalSection
	GlobalSection(SolutionProperties) = preSolution
		HideSolutionNode = FALSE
	EndGlobalSection
	GlobalSection(NestedProjects) = preSolution
		{C94DA996-26F5-4B0B-B736-787C83CBA1E8} = {9BCC0857-F062-46AF-B370-94151108356A}
		{310F9529-8998-446E-830F-FC4F299B3BF9} = {9BCC0857-F062-46AF-B370-94151108356A}
		{05697082-A579-491F-AFF6-77796F6C41C6} = {9BCC0857-F062-46AF-B370-94151108356A}
	EndGlobalSection
	GlobalSection(ExtensibilityGlobals) = postSolution
		SolutionGuid = {23D11647-A140-4D69-9F3B-5D1494FBB892}
	EndGlobalSection
EndGlobal
