
Microsoft Visual Studio Solution File, Format Version 12.00
# Visual Studio Version 17
VisualStudioVersion = 17.7.34009.444
MinimumVisualStudioVersion = 10.0.40219.1
Project("{9A19103F-16F7-4668-BE54-9A1E7A4F7556}") = "WpfApp20230825", "WpfApp20230825.csproj", "{9864A7BD-0BD0-4582-AACA-CF02C13B09C1}"
EndProject
Project("{9A19103F-16F7-4668-BE54-9A1E7A4F7556}") = "MssqlLib", "..\MssqlLib\MssqlLib.csproj", "{CF48E0BF-0890-4A02-8B32-224DEA373239}"
EndProject
Global
	GlobalSection(SolutionConfigurationPlatforms) = preSolution
		Debug|Any CPU = Debug|Any CPU
		Release|Any CPU = Release|Any CPU
	EndGlobalSection
	GlobalSection(ProjectConfigurationPlatforms) = postSolution
		{9864A7BD-0BD0-4582-AACA-CF02C13B09C1}.Debug|Any CPU.ActiveCfg = Debug|Any CPU
		{9864A7BD-0BD0-4582-AACA-CF02C13B09C1}.Debug|Any CPU.Build.0 = Debug|Any CPU
		{9864A7BD-0BD0-4582-AACA-CF02C13B09C1}.Release|Any CPU.ActiveCfg = Release|Any CPU
		{9864A7BD-0BD0-4582-AACA-CF02C13B09C1}.Release|Any CPU.Build.0 = Release|Any CPU
		{CF48E0BF-0890-4A02-8B32-224DEA373239}.Debug|Any CPU.ActiveCfg = Debug|Any CPU
		{CF48E0BF-0890-4A02-8B32-224DEA373239}.Debug|Any CPU.Build.0 = Debug|Any CPU
		{CF48E0BF-0890-4A02-8B32-224DEA373239}.Release|Any CPU.ActiveCfg = Release|Any CPU
		{CF48E0BF-0890-4A02-8B32-224DEA373239}.Release|Any CPU.Build.0 = Release|Any CPU
	EndGlobalSection
	GlobalSection(SolutionProperties) = preSolution
		HideSolutionNode = FALSE
	EndGlobalSection
	GlobalSection(ExtensibilityGlobals) = postSolution
		SolutionGuid = {0CF208A7-71AA-4D90-A801-8DBB4B67C333}
	EndGlobalSection
EndGlobal
